{
  "version": 4,
  "terraform_version": "1.2.9",
  "serial": 559,
  "lineage": "f6570c09-e53a-3e0b-ed8e-94ed030d21b7",
  "outputs": {},
  "resources": [
    {
      "mode": "data",
      "type": "aws_iam_policy_document",
      "name": "allow_cdn_read",
      "provider": "provider[\"registry.terraform.io/hashicorp/aws\"]",
      "instances": [
        {
          "schema_version": 0,
          "attributes": {
            "id": "2520644752",
            "json": "{\n  \"Version\": \"2012-10-17\",\n  \"Statement\": [\n    {\n      \"Sid\": \"\",\n      \"Effect\": \"Allow\",\n      \"Action\": \"s3:GetObject\",\n      \"Resource\": \"arn:aws:s3:::test.nathanwang.link-web-root/*\",\n      \"Principal\": {\n        \"Service\": \"cloudfront.amazonaws.com\"\n      },\n      \"Condition\": {\n        \"StringEquals\": {\n          \"AWS:SourceArn\": \"arn:aws:cloudfront::052859230833:distribution/E2N4KG8FYSCYZE\"\n        }\n      }\n    }\n  ]\n}",
            "override_json": null,
            "override_policy_documents": null,
            "policy_id": null,
            "source_json": null,
            "source_policy_documents": null,
            "statement": [
              {
                "actions": [
                  "s3:GetObject"
                ],
                "condition": [
                  {
                    "test": "StringEquals",
                    "values": [
                      "arn:aws:cloudfront::052859230833:distribution/E2N4KG8FYSCYZE"
                    ],
                    "variable": "AWS:SourceArn"
                  }
                ],
                "effect": "Allow",
                "not_actions": [],
                "not_principals": [],
                "not_resources": [],
                "principals": [
                  {
                    "identifiers": [
                      "cloudfront.amazonaws.com"
                    ],
                    "type": "Service"
                  }
                ],
                "resources": [
                  "arn:aws:s3:::test.nathanwang.link-web-root/*"
                ],
                "sid": ""
              }
            ],
            "version": "2012-10-17"
          },
          "sensitive_attributes": []
        }
      ]
    },
    {
      "mode": "data",
      "type": "aws_route53_zone",
      "name": "public",
      "provider": "provider[\"registry.terraform.io/hashicorp/aws\"]",
      "instances": [
        {
          "schema_version": 0,
          "attributes": {
            "arn": "arn:aws:route53:::hostedzone/Z02342722T6B31BPRSOE8",
            "caller_reference": "d3f1b8cc-b191-4fe0-badf-4aa921cc999b",
            "comment": "",
            "id": "Z02342722T6B31BPRSOE8",
            "linked_service_description": null,
            "linked_service_principal": null,
            "name": "nathanwang.link",
            "name_servers": [
              "ns-1920.awsdns-48.co.uk",
              "ns-1204.awsdns-22.org",
              "ns-166.awsdns-20.com",
              "ns-595.awsdns-10.net"
            ],
            "private_zone": false,
            "resource_record_set_count": 4,
            "tags": {},
            "vpc_id": null,
            "zone_id": "Z02342722T6B31BPRSOE8"
          },
          "sensitive_attributes": []
        }
      ]
    },
    {
      "mode": "data",
      "type": "external",
      "name": "get_git_info",
      "provider": "provider[\"registry.terraform.io/hashicorp/external\"]",
      "instances": [
        {
          "schema_version": 0,
          "attributes": {
            "id": "-",
            "program": [
              "bash",
              "-c",
              "      echo '{'\\\n        \"\\\"infra-git-origin\\\":\\\"$(git remote get-url origin)\\\",\"\\\n        \"\\\"infra-git-commit-hash\\\":\\\"$(git rev-parse HEAD)\\\",\"\\\n        \"\\\"infra-path\\\":\\\"$(git rev-parse --show-prefix)\\\",\"\\\n        \"\\\"infra-updated-by\\\":\\\"$(git config --get user.name)\\\"\"\\\n      '}'\n"
            ],
            "query": null,
            "result": {
              "infra-git-commit-hash": "9f9bdf81d33bf71ff0abd2e97bcb93afa8554497",
              "infra-git-origin": "git@github.com:natebowang/git-playground.git",
              "infra-path": ".infra/",
              "infra-updated-by": "Nathan Wang"
            },
            "working_dir": null
          },
          "sensitive_attributes": []
        }
      ]
    },
    {
      "mode": "managed",
      "type": "aws_acm_certificate",
      "name": "this_env",
      "provider": "provider[\"registry.terraform.io/hashicorp/aws\"].virginia",
      "instances": [
        {
          "schema_version": 0,
          "attributes": {
            "arn": "arn:aws:acm:us-east-1:052859230833:certificate/2be28c28-708f-4669-9120-c5431f467d60",
            "certificate_authority_arn": "",
            "certificate_body": null,
            "certificate_chain": null,
            "domain_name": "test.nathanwang.link",
            "domain_validation_options": [
              {
                "domain_name": "test.nathanwang.link",
                "resource_record_name": "_bbbbe21f34834e76165c8eada9012204.test.nathanwang.link.",
                "resource_record_type": "CNAME",
                "resource_record_value": "_feb21db505a4c7996ec5fd54f47742de.tdzrjlznxp.acm-validations.aws."
              }
            ],
            "id": "arn:aws:acm:us-east-1:052859230833:certificate/2be28c28-708f-4669-9120-c5431f467d60",
            "not_after": "2023-10-16T23:59:59Z",
            "not_before": "2022-09-17T00:00:00Z",
            "options": [
              {
                "certificate_transparency_logging_preference": "ENABLED"
              }
            ],
            "private_key": null,
            "status": "ISSUED",
            "subject_alternative_names": [
              "test.nathanwang.link"
            ],
            "tags": {},
            "tags_all": {},
            "validation_emails": [],
            "validation_method": "DNS",
            "validation_option": []
          },
          "sensitive_attributes": [],
          "private": "bnVsbA==",
          "dependencies": [
            "data.external.get_git_info"
          ],
          "create_before_destroy": true
        }
      ]
    },
    {
      "mode": "managed",
      "type": "aws_acm_certificate_validation",
      "name": "this_env",
      "provider": "provider[\"registry.terraform.io/hashicorp/aws\"].virginia",
      "instances": [
        {
          "schema_version": 0,
          "attributes": {
            "certificate_arn": "arn:aws:acm:us-east-1:052859230833:certificate/2be28c28-708f-4669-9120-c5431f467d60",
            "id": "2022-09-17 09:41:58.594 +0000 UTC",
            "timeouts": null,
            "validation_record_fqdns": [
              "_bbbbe21f34834e76165c8eada9012204.test.nathanwang.link"
            ]
          },
          "sensitive_attributes": [],
          "private": "eyJlMmJmYjczMC1lY2FhLTExZTYtOGY4OC0zNDM2M2JjN2M0YzAiOnsiY3JlYXRlIjo0NTAwMDAwMDAwMDAwfX0=",
          "dependencies": [
            "aws_acm_certificate.this_env",
            "aws_route53_record.validation_records",
            "data.aws_route53_zone.public",
            "data.external.get_git_info"
          ]
        }
      ]
    },
    {
      "mode": "managed",
      "type": "aws_cloudfront_distribution",
      "name": "this_env",
      "provider": "provider[\"registry.terraform.io/hashicorp/aws\"]",
      "instances": [
        {
          "schema_version": 1,
          "attributes": {
            "aliases": [
              "test.nathanwang.link"
            ],
            "arn": "arn:aws:cloudfront::052859230833:distribution/E2N4KG8FYSCYZE",
            "caller_reference": "terraform-20220917054854580800000001",
            "comment": null,
            "custom_error_response": [],
            "default_cache_behavior": [
              {
                "allowed_methods": [
                  "GET",
                  "HEAD"
                ],
                "cache_policy_id": "",
                "cached_methods": [
                  "GET",
                  "HEAD"
                ],
                "compress": true,
                "default_ttl": 86400,
                "field_level_encryption_id": "",
                "forwarded_values": [
                  {
                    "cookies": [
                      {
                        "forward": "none",
                        "whitelisted_names": []
                      }
                    ],
                    "headers": [
                      "Origin"
                    ],
                    "query_string": true,
                    "query_string_cache_keys": []
                  }
                ],
                "function_association": [],
                "lambda_function_association": [],
                "max_ttl": 31536000,
                "min_ttl": 0,
                "origin_request_policy_id": "",
                "realtime_log_config_arn": "",
                "response_headers_policy_id": "",
                "smooth_streaming": false,
                "target_origin_id": "test.nathanwang.link-web-root",
                "trusted_key_groups": [],
                "trusted_signers": [],
                "viewer_protocol_policy": "redirect-to-https"
              }
            ],
            "default_root_object": "index.html",
            "domain_name": "dz14arch2cti2.cloudfront.net",
            "enabled": true,
            "etag": "EQ5PRVSULMDU4",
            "hosted_zone_id": "Z2FDTNDATAQYW2",
            "http_version": "http2and3",
            "id": "E2N4KG8FYSCYZE",
            "in_progress_validation_batches": 0,
            "is_ipv6_enabled": true,
            "last_modified_time": "2022-09-18 01:57:24.23 +0000 UTC",
            "logging_config": [
              {
                "bucket": "test.nathanwang.link-logs.s3.amazonaws.com",
                "include_cookies": true,
                "prefix": ""
              }
            ],
            "ordered_cache_behavior": [],
            "origin": [
              {
                "connection_attempts": 3,
                "connection_timeout": 10,
                "custom_header": [],
                "custom_origin_config": [],
                "domain_name": "test.nathanwang.link-web-root.s3.ap-southeast-2.amazonaws.com",
                "origin_access_control_id": "EB5BCFU7PQWLQ",
                "origin_id": "test.nathanwang.link-web-root",
                "origin_path": "",
                "origin_shield": [],
                "s3_origin_config": []
              }
            ],
            "origin_group": [],
            "price_class": "PriceClass_All",
            "restrictions": [
              {
                "geo_restriction": [
                  {
                    "locations": [],
                    "restriction_type": "none"
                  }
                ]
              }
            ],
            "retain_on_delete": false,
            "status": "Deployed",
            "tags": {},
            "tags_all": {
              "infra-git-commit-hash": "9f9bdf81d33bf71ff0abd2e97bcb93afa8554497",
              "infra-git-origin": "git@github.com:natebowang/git-playground.git",
              "infra-last-updated-utc-time": "2022-09-18T01:57:20Z",
              "infra-path": ".infra/",
              "infra-updated-by": "Nathan Wang"
            },
            "trusted_key_groups": [
              {
                "enabled": false,
                "items": []
              }
            ],
            "trusted_signers": [
              {
                "enabled": false,
                "items": []
              }
            ],
            "viewer_certificate": [
              {
                "acm_certificate_arn": "arn:aws:acm:us-east-1:052859230833:certificate/2be28c28-708f-4669-9120-c5431f467d60",
                "cloudfront_default_certificate": false,
                "iam_certificate_id": "",
                "minimum_protocol_version": "TLSv1.2_2021",
                "ssl_support_method": "sni-only"
              }
            ],
            "wait_for_deployment": true,
            "web_acl_id": ""
          },
          "sensitive_attributes": [],
          "private": "eyJzY2hlbWFfdmVyc2lvbiI6IjEifQ==",
          "dependencies": [
            "aws_acm_certificate_validation.this_env",
            "aws_cloudfront_origin_access_control.allow_cdn_read",
            "aws_s3_bucket.logs",
            "aws_s3_bucket.web_root_for_this_env",
            "data.external.get_git_info"
          ]
        }
      ]
    },
    {
      "mode": "managed",
      "type": "aws_cloudfront_origin_access_control",
      "name": "allow_cdn_read",
      "provider": "provider[\"registry.terraform.io/hashicorp/aws\"]",
      "instances": [
        {
          "schema_version": 0,
          "attributes": {
            "description": "Managed by Terraform",
            "etag": "ETVPDKIKX0DER",
            "id": "EB5BCFU7PQWLQ",
            "name": "allow-cdn-read",
            "origin_access_control_origin_type": "s3",
            "signing_behavior": "always",
            "signing_protocol": "sigv4"
          },
          "sensitive_attributes": [],
          "private": "bnVsbA==",
          "dependencies": [
            "data.external.get_git_info"
          ]
        }
      ]
    },
    {
      "mode": "managed",
      "type": "aws_route53_record",
      "name": "this_env",
      "provider": "provider[\"registry.terraform.io/hashicorp/aws\"]",
      "instances": [
        {
          "index_key": "test.nathanwang.link",
          "schema_version": 2,
          "attributes": {
            "alias": [
              {
                "evaluate_target_health": true,
                "name": "dz14arch2cti2.cloudfront.net",
                "zone_id": "Z2FDTNDATAQYW2"
              }
            ],
            "allow_overwrite": null,
            "failover_routing_policy": [],
            "fqdn": "test.nathanwang.link",
            "geolocation_routing_policy": [],
            "health_check_id": "",
            "id": "Z02342722T6B31BPRSOE8_test.nathanwang.link_A",
            "latency_routing_policy": [],
            "multivalue_answer_routing_policy": null,
            "name": "test.nathanwang.link",
            "records": [],
            "set_identifier": "",
            "ttl": 0,
            "type": "A",
            "weighted_routing_policy": [],
            "zone_id": "Z02342722T6B31BPRSOE8"
          },
          "sensitive_attributes": [],
          "private": "eyJzY2hlbWFfdmVyc2lvbiI6IjIifQ==",
          "dependencies": [
            "aws_acm_certificate.this_env",
            "aws_acm_certificate_validation.this_env",
            "aws_cloudfront_distribution.this_env",
            "aws_cloudfront_origin_access_control.allow_cdn_read",
            "aws_route53_record.validation_records",
            "aws_s3_bucket.logs",
            "aws_s3_bucket.web_root_for_this_env",
            "data.aws_route53_zone.public",
            "data.external.get_git_info"
          ]
        }
      ]
    },
    {
      "mode": "managed",
      "type": "aws_route53_record",
      "name": "validation_records",
      "provider": "provider[\"registry.terraform.io/hashicorp/aws\"]",
      "instances": [
        {
          "index_key": "test.nathanwang.link",
          "schema_version": 2,
          "attributes": {
            "alias": [],
            "allow_overwrite": true,
            "failover_routing_policy": [],
            "fqdn": "_bbbbe21f34834e76165c8eada9012204.test.nathanwang.link",
            "geolocation_routing_policy": [],
            "health_check_id": "",
            "id": "Z02342722T6B31BPRSOE8__bbbbe21f34834e76165c8eada9012204.test.nathanwang.link._CNAME",
            "latency_routing_policy": [],
            "multivalue_answer_routing_policy": null,
            "name": "_bbbbe21f34834e76165c8eada9012204.test.nathanwang.link",
            "records": [
              "_feb21db505a4c7996ec5fd54f47742de.tdzrjlznxp.acm-validations.aws."
            ],
            "set_identifier": "",
            "ttl": 600,
            "type": "CNAME",
            "weighted_routing_policy": [],
            "zone_id": "Z02342722T6B31BPRSOE8"
          },
          "sensitive_attributes": [],
          "private": "eyJzY2hlbWFfdmVyc2lvbiI6IjIifQ==",
          "dependencies": [
            "aws_acm_certificate.this_env",
            "data.aws_route53_zone.public",
            "data.external.get_git_info"
          ]
        }
      ]
    },
    {
      "mode": "managed",
      "type": "aws_s3_bucket",
      "name": "logs",
      "provider": "provider[\"registry.terraform.io/hashicorp/aws\"]",
      "instances": [
        {
          "schema_version": 0,
          "attributes": {
            "acceleration_status": "",
            "acl": null,
            "arn": "arn:aws:s3:::test.nathanwang.link-logs",
            "bucket": "test.nathanwang.link-logs",
            "bucket_domain_name": "test.nathanwang.link-logs.s3.amazonaws.com",
            "bucket_prefix": null,
            "bucket_regional_domain_name": "test.nathanwang.link-logs.s3.ap-southeast-2.amazonaws.com",
            "cors_rule": [],
            "force_destroy": true,
            "grant": [
              {
                "id": "735b01cad6122ad58c72902c46be6330179f68c8a6bb83db4b17cbc98fca0577",
                "permissions": [
                  "FULL_CONTROL"
                ],
                "type": "CanonicalUser",
                "uri": ""
              },
              {
                "id": "c4c1ede66af53448b93c283ce9448c4ba468c9432aa01d700d3878632f77d2d0",
                "permissions": [
                  "FULL_CONTROL"
                ],
                "type": "CanonicalUser",
                "uri": ""
              }
            ],
            "hosted_zone_id": "Z1WCIGYICN2BYD",
            "id": "test.nathanwang.link-logs",
            "lifecycle_rule": [],
            "logging": [],
            "object_lock_configuration": [],
            "object_lock_enabled": false,
            "policy": "",
            "region": "ap-southeast-2",
            "replication_configuration": [],
            "request_payer": "BucketOwner",
            "server_side_encryption_configuration": [],
            "tags": {},
            "tags_all": {
              "infra-git-commit-hash": "9f9bdf81d33bf71ff0abd2e97bcb93afa8554497",
              "infra-git-origin": "git@github.com:natebowang/git-playground.git",
              "infra-last-updated-utc-time": "2022-09-18T01:57:20Z",
              "infra-path": ".infra/",
              "infra-updated-by": "Nathan Wang"
            },
            "timeouts": null,
            "versioning": [
              {
                "enabled": false,
                "mfa_delete": false
              }
            ],
            "website": [],
            "website_domain": null,
            "website_endpoint": null
          },
          "sensitive_attributes": [],
          "private": "eyJlMmJmYjczMC1lY2FhLTExZTYtOGY4OC0zNDM2M2JjN2M0YzAiOnsiY3JlYXRlIjoxMjAwMDAwMDAwMDAwLCJkZWxldGUiOjM2MDAwMDAwMDAwMDAsInJlYWQiOjEyMDAwMDAwMDAwMDAsInVwZGF0ZSI6MTIwMDAwMDAwMDAwMH19",
          "dependencies": [
            "data.external.get_git_info"
          ]
        }
      ]
    },
    {
      "mode": "managed",
      "type": "aws_s3_bucket",
      "name": "web_root_for_this_env",
      "provider": "provider[\"registry.terraform.io/hashicorp/aws\"]",
      "instances": [
        {
          "schema_version": 0,
          "attributes": {
            "acceleration_status": "",
            "acl": null,
            "arn": "arn:aws:s3:::test.nathanwang.link-web-root",
            "bucket": "test.nathanwang.link-web-root",
            "bucket_domain_name": "test.nathanwang.link-web-root.s3.amazonaws.com",
            "bucket_prefix": null,
            "bucket_regional_domain_name": "test.nathanwang.link-web-root.s3.ap-southeast-2.amazonaws.com",
            "cors_rule": [],
            "force_destroy": true,
            "grant": [
              {
                "id": "735b01cad6122ad58c72902c46be6330179f68c8a6bb83db4b17cbc98fca0577",
                "permissions": [
                  "FULL_CONTROL"
                ],
                "type": "CanonicalUser",
                "uri": ""
              }
            ],
            "hosted_zone_id": "Z1WCIGYICN2BYD",
            "id": "test.nathanwang.link-web-root",
            "lifecycle_rule": [],
            "logging": [],
            "object_lock_configuration": [],
            "object_lock_enabled": false,
            "policy": "{\"Version\":\"2012-10-17\",\"Statement\":[{\"Sid\":\"\",\"Effect\":\"Allow\",\"Principal\":{\"Service\":\"cloudfront.amazonaws.com\"},\"Action\":\"s3:GetObject\",\"Resource\":\"arn:aws:s3:::test.nathanwang.link-web-root/*\",\"Condition\":{\"StringEquals\":{\"AWS:SourceArn\":\"arn:aws:cloudfront::052859230833:distribution/E2N4KG8FYSCYZE\"}}}]}",
            "region": "ap-southeast-2",
            "replication_configuration": [],
            "request_payer": "BucketOwner",
            "server_side_encryption_configuration": [],
            "tags": {},
            "tags_all": {
              "infra-git-commit-hash": "9f9bdf81d33bf71ff0abd2e97bcb93afa8554497",
              "infra-git-origin": "git@github.com:natebowang/git-playground.git",
              "infra-last-updated-utc-time": "2022-09-18T01:57:20Z",
              "infra-path": ".infra/",
              "infra-updated-by": "Nathan Wang"
            },
            "timeouts": null,
            "versioning": [
              {
                "enabled": false,
                "mfa_delete": false
              }
            ],
            "website": [],
            "website_domain": null,
            "website_endpoint": null
          },
          "sensitive_attributes": [],
          "private": "eyJlMmJmYjczMC1lY2FhLTExZTYtOGY4OC0zNDM2M2JjN2M0YzAiOnsiY3JlYXRlIjoxMjAwMDAwMDAwMDAwLCJkZWxldGUiOjM2MDAwMDAwMDAwMDAsInJlYWQiOjEyMDAwMDAwMDAwMDAsInVwZGF0ZSI6MTIwMDAwMDAwMDAwMH19",
          "dependencies": [
            "data.external.get_git_info"
          ]
        }
      ]
    },
    {
      "mode": "managed",
      "type": "aws_s3_bucket_policy",
      "name": "allow_cdn_read",
      "provider": "provider[\"registry.terraform.io/hashicorp/aws\"]",
      "instances": [
        {
          "schema_version": 0,
          "attributes": {
            "bucket": "test.nathanwang.link-web-root",
            "id": "test.nathanwang.link-web-root",
            "policy": "{\"Statement\":[{\"Action\":\"s3:GetObject\",\"Condition\":{\"StringEquals\":{\"AWS:SourceArn\":\"arn:aws:cloudfront::052859230833:distribution/E2N4KG8FYSCYZE\"}},\"Effect\":\"Allow\",\"Principal\":{\"Service\":\"cloudfront.amazonaws.com\"},\"Resource\":\"arn:aws:s3:::test.nathanwang.link-web-root/*\",\"Sid\":\"\"}],\"Version\":\"2012-10-17\"}"
          },
          "sensitive_attributes": [],
          "private": "bnVsbA==",
          "dependencies": [
            "aws_acm_certificate.this_env",
            "aws_acm_certificate_validation.this_env",
            "aws_cloudfront_distribution.this_env",
            "aws_cloudfront_origin_access_control.allow_cdn_read",
            "aws_route53_record.validation_records",
            "aws_s3_bucket.logs",
            "aws_s3_bucket.web_root_for_this_env",
            "data.aws_iam_policy_document.allow_cdn_read",
            "data.aws_route53_zone.public",
            "data.external.get_git_info"
          ]
        }
      ]
    },
    {
      "mode": "managed",
      "type": "aws_s3_object",
      "name": "mock_index_page",
      "provider": "provider[\"registry.terraform.io/hashicorp/aws\"]",
      "instances": [
        {
          "schema_version": 0,
          "attributes": {
            "acl": "private",
            "bucket": "test.nathanwang.link-web-root",
            "bucket_key_enabled": false,
            "cache_control": "",
            "content": "\u003ch1\u003eHello, world\u003c/h1\u003e",
            "content_base64": null,
            "content_disposition": "",
            "content_encoding": "",
            "content_language": "",
            "content_type": "text/html",
            "etag": "13de22d2b857ebf58495561fd20a81c4",
            "force_destroy": false,
            "id": "index.html",
            "key": "index.html",
            "kms_key_id": null,
            "metadata": {},
            "object_lock_legal_hold_status": "",
            "object_lock_mode": "",
            "object_lock_retain_until_date": "",
            "server_side_encryption": "",
            "source": null,
            "source_hash": null,
            "storage_class": "STANDARD",
            "tags": {},
            "tags_all": {},
            "version_id": "",
            "website_redirect": ""
          },
          "sensitive_attributes": [],
          "private": "bnVsbA==",
          "dependencies": [
            "aws_s3_bucket.web_root_for_this_env",
            "data.external.get_git_info"
          ]
        }
      ]
    }
  ]
}
